// !$*UTF8*$!
{
	archiveVersion = 1;
	classes = {
	};
	objectVersion = 50;
	objects = {

/* Begin PBXBuildFile section */
		D0C0BFC324AD1F6600B19EFA /* AppDelegate.swift in Sources */ = {isa = PBXBuildFile; fileRef = D0C0BFC224AD1F6600B19EFA /* AppDelegate.swift */; };
		D0C0BFC524AD1F6600B19EFA /* SceneDelegate.swift in Sources */ = {isa = PBXBuildFile; fileRef = D0C0BFC424AD1F6600B19EFA /* SceneDelegate.swift */; };
		D0C0BFC724AD1F6600B19EFA /* ContentView.swift in Sources */ = {isa = PBXBuildFile; fileRef = D0C0BFC624AD1F6600B19EFA /* ContentView.swift */; };
		D0C0BFC924AD1F6700B19EFA /* Assets.xcassets in Resources */ = {isa = PBXBuildFile; fileRef = D0C0BFC824AD1F6700B19EFA /* Assets.xcassets */; };
		D0C0BFCC24AD1F6700B19EFA /* Preview Assets.xcassets in Resources */ = {isa = PBXBuildFile; fileRef = D0C0BFCB24AD1F6700B19EFA /* Preview Assets.xcassets */; };
		D0C0BFCF24AD1F6700B19EFA /* LaunchScreen.storyboard in Resources */ = {isa = PBXBuildFile; fileRef = D0C0BFCD24AD1F6700B19EFA /* LaunchScreen.storyboard */; };
/* End PBXBuildFile section */

/* Begin PBXFileReference section */
		D0C0BFBF24AD1F6600B19EFA /* edutainment.app */ = {isa = PBXFileReference; explicitFileType = wrapper.application; includeInIndex = 0; path = edutainment.app; sourceTree = BUILT_PRODUCTS_DIR; };
		D0C0BFC224AD1F6600B19EFA /* AppDelegate.swift */ = {isa = PBXFileReference; lastKnownFileType = sourcecode.swift; path = AppDelegate.swift; sourceTree = "<group>"; };
		D0C0BFC424AD1F6600B19EFA /* SceneDelegate.swift */ = {isa = PBXFileReference; lastKnownFileType = sourcecode.swift; path = SceneDelegate.swift; sourceTree = "<group>"; };
		D0C0BFC624AD1F6600B19EFA /* ContentView.swift */ = {isa = PBXFileReference; lastKnownFileType = sourcecode.swift; path = ContentView.swift; sourceTree = "<group>"; };
		D0C0BFC824AD1F6700B19EFA /* Assets.xcassets */ = {isa = PBXFileReference; lastKnownFileType = folder.assetcatalog; path = Assets.xcassets; sourceTree = "<group>"; };
		D0C0BFCB24AD1F6700B19EFA /* Preview Assets.xcassets */ = {isa = PBXFileReference; lastKnownFileType = folder.assetcatalog; path = "Preview Assets.xcassets"; sourceTree = "<group>"; };
		D0C0BFCE24AD1F6700B19EFA /* Base */ = {isa = PBXFileReference; lastKnownFileType = file.storyboard; name = Base; path = Base.lproj/LaunchScreen.storyboard; sourceTree = "<group>"; };
		D0C0BFD024AD1F6700B19EFA /* Info.plist */ = {isa = PBXFileReference; lastKnownFileType = text.plist.xml; path = Info.plist; sourceTree = "<group>"; };
/* End PBXFileReference section */

/* Begin PBXFrameworksBuildPhase section */
		D0C0BFBC24AD1F6600B19EFA /* Frameworks */ = {
			isa = PBXFrameworksBuildPhase;
			buildActionMask = 2147483647;
			files = (
			);
			runOnlyForDeploymentPostprocessing = 0;
		};
/* End PBXFrameworksBuildPhase section */

/* Begin PBXGroup section */
		D0C0BFB624AD1F6600B19EFA = {
			isa = PBXGroup;
			children = (
				D0C0BFC124AD1F6600B19EFA /* edutainment */,
				D0C0BFC024AD1F6600B19EFA /* Products */,
			);
			sourceTree = "<group>";
		};
		D0C0BFC024AD1F6600B19EFA /* Products */ = {
			isa = PBXGroup;
			children = (
				D0C0BFBF24AD1F6600B19EFA /* edutainment.app */,
			);
			name = Products;
			sourceTree = "<group>";
		};
		D0C0BFC124AD1F6600B19EFA /* edutainment */ = {
			isa = PBXGroup;
			children = (
				D0C0BFC224AD1F6600B19EFA /* AppDelegate.swift */,
				D0C0BFC424AD1F6600B19EFA /* SceneDelegate.swift */,
				D0C0BFC624AD1F6600B19EFA /* ContentView.swift */,
				D0C0BFC824AD1F6700B19EFA /* Assets.xcassets */,
				D0C0BFCD24AD1F6700B19EFA /* LaunchScreen.storyboard */,
				D0C0BFD024AD1F6700B19EFA /* Info.plist */,
				D0C0BFCA24AD1F6700B19EFA /* Preview Content */,
			);
			path = edutainment;
			sourceTree = "<group>";
		};
		D0C0BFCA24AD1F6700B19EFA /* Preview Content */ = {
			isa = PBXGroup;
			children = (
				D0C0BFCB24AD1F6700B19EFA /* Preview Assets.xcassets */,
			);
			path = "Preview Content";
			sourceTree = "<group>";
		};
/* End PBXGroup section */

/* Begin PBXNativeTarget section */
		D0C0BFBE24AD1F6600B19EFA /* edutainment */ = {
			isa = PBXNativeTarget;
			buildConfigurationList = D0C0BFD324AD1F6700B19EFA /* Build configuration list for PBXNativeTarget "edutainment" */;
			buildPhases = (
				D0C0BFBB24AD1F6600B19EFA /* Sources */,
				D0C0BFBC24AD1F6600B19EFA /* Frameworks */,
				D0C0BFBD24AD1F6600B19EFA /* Resources */,
			);
			buildRules = (
			);
			dependencies = (
			);
			name = edutainment;
			productName = edutainment;
			productReference = D0C0BFBF24AD1F6600B19EFA /* edutainment.app */;
			productType = "com.apple.product-type.application";
		};
/* End PBXNativeTarget section */

/* Begin PBXProject section */
		D0C0BFB724AD1F6600B19EFA /* Project object */ = {
			isa = PBXProject;
			attributes = {
				LastSwiftUpdateCheck = 1150;
				LastUpgradeCheck = 1150;
				ORGANIZATIONNAME = "Peter Salz App Development";
				TargetAttributes = {
					D0C0BFBE24AD1F6600B19EFA = {
						CreatedOnToolsVersion = 11.5;
					};
				};
			};
			buildConfigurationList = D0C0BFBA24AD1F6600B19EFA /* Build configuration list for PBXProject "edutainment" */;
			compatibilityVersion = "Xcode 9.3";
			developmentRegion = en;
			hasScannedForEncodings = 0;
			knownRegions = (
				en,
				Base,
			);
			mainGroup = D0C0BFB624AD1F6600B19EFA;
			productRefGroup = D0C0BFC024AD1F6600B19EFA /* Products */;
			projectDirPath = "";
			projectRoot = "";
			targets = (
				D0C0BFBE24AD1F6600B19EFA /* edutainment */,
			);
		};
/* End PBXProject section */

/* Begin PBXResourcesBuildPhase section */
		D0C0BFBD24AD1F6600B19EFA /* Resources */ = {
			isa = PBXResourcesBuildPhase;
			buildActionMask = 2147483647;
			files = (
				D0C0BFCF24AD1F6700B19EFA /* LaunchScreen.storyboard in Resources */,
				D0C0BFCC24AD1F6700B19EFA /* Preview Assets.xcassets in Resources */,
				D0C0BFC924AD1F6700B19EFA /* Assets.xcassets in Resources */,
			);
			runOnlyForDeploymentPostprocessing = 0;
		};
/* End PBXResourcesBuildPhase section */

/* Begin PBXSourcesBuildPhase section */
		D0C0BFBB24AD1F6600B19EFA /* Sources */ = {
			isa = PBXSourcesBuildPhase;
			buildActionMask = 2147483647;
			files = (
				D0C0BFC324AD1F6600B19EFA /* AppDelegate.swift in Sources */,
				D0C0BFC524AD1F6600B19EFA /* SceneDelegate.swift in Sources */,
				D0C0BFC724AD1F6600B19EFA /* ContentView.swift in Sources */,
			);
			runOnlyForDeploymentPostprocessing = 0;
		};
/* End PBXSourcesBuildPhase section */

/* Begin PBXVariantGroup section */
		D0C0BFCD24AD1F6700B19EFA /* LaunchScreen.storyboard */ = {
			isa = PBXVariantGroup;
			children = (
				D0C0BFCE24AD1F6700B19EFA /* Base */,
			);
			name = LaunchScreen.storyboard;
			sourceTree = "<group>";
		};
/* End PBXVariantGroup section */

/* Begin XCBuildConfiguration section */
		D0C0BFD124AD1F6700B19EFA /* Debug */ = {
			isa = XCBuildConfiguration;
			buildSettings = {
				ALWAYS_SEARCH_USER_PATHS = NO;
				CLANG_ANALYZER_NONNULL = YES;
				CLANG_ANALYZER_NUMBER_OBJECT_CONVERSION = YES_AGGRESSIVE;
				CLANG_CXX_LANGUAGE_STANDARD = "gnu++14";
				CLANG_CXX_LIBRARY = "libc++";
				CLANG_ENABLE_MODULES = YES;
				CLANG_ENABLE_OBJC_ARC = YES;
				CLANG_ENABLE_OBJC_WEAK = YES;
				CLANG_WARN_BLOCK_CAPTURE_AUTORELEASING = YES;
				CLANG_WARN_BOOL_CONVERSION = YES;
				CLANG_WARN_COMMA = YES;
				CLANG_WARN_CONSTANT_CONVERSION = YES;
				CLANG_WARN_DEPRECATED_OBJC_IMPLEMENTATIONS = YES;
				CLANG_WARN_DIRECT_OBJC_ISA_USAGE = YES_ERROR;
				CLANG_WARN_DOCUMENTATION_COMMENTS = YES;
				CLANG_WARN_EMPTY_BODY = YES;
				CLANG_WARN_ENUM_CONVERSION = YES;
				CLANG_WARN_INFINITE_RECURSION = YES;
				CLANG_WARN_INT_CONVERSION = YES;
				CLANG_WARN_NON_LITERAL_NULL_CONVERSION = YES;
				CLANG_WARN_OBJC_IMPLICIT_RETAIN_SELF = YES;
				CLANG_WARN_OBJC_LITERAL_CONVERSION = YES;
				CLANG_WARN_OBJC_ROOT_CLASS = YES_ERROR;
				CLANG_WARN_RANGE_LOOP_ANALYSIS = YES;
				CLANG_WARN_STRICT_PROTOTYPES = YES;
				CLANG_WARN_SUSPICIOUS_MOVE = YES;
				CLANG_WARN_UNGUARDED_AVAILABILITY = YES_AGGRESSIVE;
				CLANG_WARN_UNREACHABLE_CODE = YES;
				CLANG_WARN__DUPLICATE_METHOD_MATCH = YES;
				COPY_PHASE_STRIP = NO;
				DEBUG_INFORMATION_FORMAT = dwarf;
				ENABLE_STRICT_OBJC_MSGSEND = YES;
				ENABLE_TESTABILITY = YES;
				GCC_C_LANGUAGE_STANDARD = gnu11;
				GCC_DYNAMIC_NO_PIC = NO;
				GCC_NO_COMMON_BLOCKS = YES;
				GCC_OPTIMIZATION_LEVEL = 0;
				GCC_PREPROCESSOR_DEFINITIONS = (
					"DEBUG=1",
					"$(inherited)",
				);
				GCC_WARN_64_TO_32_BIT_CONVERSION = YES;
				GCC_WARN_ABOUT_RETURN_TYPE = YES_ERROR;
				GCC_WARN_UNDECLARED_SELECTOR = YES;
				GCC_WARN_UNINITIALIZED_AUTOS = YES_AGGRESSIVE;
				GCC_WARN_UNUSED_FUNCTION = YES;
				GCC_WARN_UNUSED_VARIABLE = YES;
				IPHONEOS_DEPLOYMENT_TARGET = 13.5;
				MTL_ENABLE_DEBUG_INFO = INCLUDE_SOURCE;
				MTL_FAST_MATH = YES;
				ONLY_ACTIVE_ARCH = YES;
				SDKROOT = iphoneos;
				SWIFT_ACTIVE_COMPILATION_CONDITIONS = DEBUG;
				SWIFT_OPTIMIZATION_LEVEL = "-Onone";
			};
			name = Debug;
		};
		D0C0BFD224AD1F6700B19EFA /* Release */ = {
			isa = XCBuildConfiguration;
			buildSettings = {
				ALWAYS_SEARCH_USER_PATHS = NO;
				CLANG_ANALYZER_NONNULL = YES;
				CLANG_ANALYZER_NUMBER_OBJECT_CONVERSION = YES_AGGRESSIVE;
				CLANG_CXX_LANGUAGE_STANDARD = "gnu++14";
				CLANG_CXX_LIBRARY = "libc++";
				CLANG_ENABLE_MODULES = YES;
				CLANG_ENABLE_OBJC_ARC = YES;
				CLANG_ENABLE_OBJC_WEAK = YES;
				CLANG_WARN_BLOCK_CAPTURE_AUTORELEASING = YES;
				CLANG_WARN_BOOL_CONVERSION = YES;
				CLANG_WARN_COMMA = YES;
				CLANG_WARN_CONSTANT_CONVERSION = YES;
				CLANG_WARN_DEPRECATED_OBJC_IMPLEMENTATIONS = YES;
				CLANG_WARN_DIRECT_OBJC_ISA_USAGE = YES_ERROR;
				CLANG_WARN_DOCUMENTATION_COMMENTS = YES;
				CLANG_WARN_EMPTY_BODY = YES;
				CLANG_WARN_ENUM_CONVERSION = YES;
				CLANG_WARN_INFINITE_RECURSION = YES;
				CLANG_WARN_INT_CONVERSION = YES;
				CLANG_WARN_NON_LITERAL_NULL_CONVERSION = YES;
				CLANG_WARN_OBJC_IMPLICIT_RETAIN_SELF = YES;
				CLANG_WARN_OBJC_LITERAL_CONVERSION = YES;
				CLANG_WARN_OBJC_ROOT_CLASS = YES_ERROR;
				CLANG_WARN_RANGE_LOOP_ANALYSIS = YES;
				CLANG_WARN_STRICT_PROTOTYPES = YES;
				CLANG_WARN_SUSPICIOUS_MOVE = YES;
				CLANG_WARN_UNGUARDED_AVAILABILITY = YES_AGGRESSIVE;
				CLANG_WARN_UNREACHABLE_CODE = YES;
				CLANG_WARN__DUPLICATE_METHOD_MATCH = YES;
				COPY_PHASE_STRIP = NO;
				DEBUG_INFORMATION_FORMAT = "dwarf-with-dsym";
				ENABLE_NS_ASSERTIONS = NO;
				ENABLE_STRICT_OBJC_MSGSEND = YES;
				GCC_C_LANGUAGE_STANDARD = gnu11;
				GCC_NO_COMMON_BLOCKS = YES;
				GCC_WARN_64_TO_32_BIT_CONVERSION = YES;
				GCC_WARN_ABOUT_RETURN_TYPE = YES_ERROR;
				GCC_WARN_UNDECLARED_SELECTOR = YES;
				GCC_WARN_UNINITIALIZED_AUTOS = YES_AGGRESSIVE;
				GCC_WARN_UNUSED_FUNCTION = YES;
				GCC_WARN_UNUSED_VARIABLE = YES;
				IPHONEOS_DEPLOYMENT_TARGET = 13.5;
				MTL_ENABLE_DEBUG_INFO = NO;
				MTL_FAST_MATH = YES;
				SDKROOT = iphoneos;
				SWIFT_COMPILATION_MODE = wholemodule;
				SWIFT_OPTIMIZATION_LEVEL = "-O";
				VALIDATE_PRODUCT = YES;
			};
			name = Release;
		};
		D0C0BFD424AD1F6700B19EFA /* Debug */ = {
			isa = XCBuildConfiguration;
			buildSettings = {
				ASSETCATALOG_COMPILER_APPICON_NAME = AppIcon;
				CODE_SIGN_STYLE = Automatic;
				DEVELOPMENT_ASSET_PATHS = "\"edutainment/Preview Content\"";
				DEVELOPMENT_TEAM = 535DKE8RS4;
				ENABLE_PREVIEWS = YES;
				INFOPLIST_FILE = edutainment/Info.plist;
				LD_RUNPATH_SEARCH_PATHS = (
					"$(inherited)",
					"@executable_path/Frameworks",
				);
				PRODUCT_BUNDLE_IDENTIFIER = com.petersalz.edutainment;
				PRODUCT_NAME = "$(TARGET_NAME)";
				SWIFT_VERSION = 5.0;
				TARGETED_DEVICE_FAMILY = "1,2";
			};
			name = Debug;
		};
		D0C0BFD524AD1F6700B19EFA /* Release */ = {
			isa = XCBuildConfiguration;
			buildSettings = {
				ASSETCATALOG_COMPILER_APPICON_NAME = AppIcon;
				CODE_SIGN_STYLE = Automatic;
				DEVELOPMENT_ASSET_PATHS = "\"edutainment/Preview Content\"";
				DEVELOPMENT_TEAM = 535DKE8RS4;
				ENABLE_PREVIEWS = YES;
				INFOPLIST_FILE = edutainment/Info.plist;
				LD_RUNPATH_SEARCH_PATHS = (
					"$(inherited)",
					"@executable_path/Frameworks",
				);
				PRODUCT_BUNDLE_IDENTIFIER = com.petersalz.edutainment;
				PRODUCT_NAME = "$(TARGET_NAME)";
				SWIFT_VERSION = 5.0;
				TARGETED_DEVICE_FAMILY = "1,2";
			};
			name = Release;
		};
/* End XCBuildConfiguration section */

/* Begin XCConfigurationList section */
		D0C0BFBA24AD1F6600B19EFA /* Build configuration list for PBXProject "edutainment" */ = {
			isa = XCConfigurationList;
			buildConfigurations = (
				D0C0BFD124AD1F6700B19EFA /* Debug */,
				D0C0BFD224AD1F6700B19EFA /* Release */,
			);
			defaultConfigurationIsVisible = 0;
			defaultConfigurationName = Release;
		};
		D0C0BFD324AD1F6700B19EFA /* Build configuration list for PBXNativeTarget "edutainment" */ = {
			isa = XCConfigurationList;
			buildConfigurations = (
				D0C0BFD424AD1F6700B19EFA /* Debug */,
				D0C0BFD524AD1F6700B19EFA /* Release */,
			);
			defaultConfigurationIsVisible = 0;
			defaultConfigurationName = Release;
		};
/* End XCConfigurationList section */
	};
	rootObject = D0C0BFB724AD1F6600B19EFA /* Project object */;
}
